
Microsoft Visual Studio Solution File, Format Version 12.00
# Visual Studio Version 17
VisualStudioVersion = 17.2.32630.192
MinimumVisualStudioVersion = 10.0.40219.1
Project("{9A19103F-16F7-4668-BE54-9A1E7A4F7556}") = "F10Y.Z0000.Construction", "F10Y.Z0000.Construction\F10Y.Z0000.Construction.csproj", "{BFE9F6A6-B45E-4C9F-AE3E-5912B9D157E1}"
EndProject
Project("{9A19103F-16F7-4668-BE54-9A1E7A4F7556}") = "F10Y.Z0000", "F10Y.Z0000\F10Y.Z0000.csproj", "{18730FFB-7F98-4A9B-98FF-5FB90C1EDA42}"
EndProject
Project("{9A19103F-16F7-4668-BE54-9A1E7A4F7556}") = "F10Y.Z0000.Z000", "F10Y.Z0000.Z000\F10Y.Z0000.Z000.csproj", "{B9D7BBA5-AEC7-44F7-94A6-9AD4F33F6D25}"
EndProject
Project("{2150E333-8FDC-42A3-9474-1A3956D46DE8}") = "_Dependencies", "_Dependencies", "{3997F9A8-1697-4124-A320-B29D56C91D38}"
EndProject
Project("{9A19103F-16F7-4668-BE54-9A1E7A4F7556}") = "F10Y.L0000", "..\..\F10Y.L0000\source\F10Y.L0000\F10Y.L0000.csproj", "{2C6EB6FC-AB2B-425E-B9F1-2AB133379017}"
EndProject
Project("{9A19103F-16F7-4668-BE54-9A1E7A4F7556}") = "F10Y.T0000", "..\..\F10Y.T0000\source\F10Y.T0000\F10Y.T0000.csproj", "{E072641A-9CF9-4E0A-959B-04DCD9686062}"
EndProject
Project("{9A19103F-16F7-4668-BE54-9A1E7A4F7556}") = "F10Y.T0001", "..\..\F10Y.T0001\source\F10Y.T0001\F10Y.T0001.csproj", "{907D8091-9AB9-41C2-AC7F-5A6CDF444287}"
EndProject
Project("{9A19103F-16F7-4668-BE54-9A1E7A4F7556}") = "F10Y.T0002", "..\..\F10Y.T0002\source\F10Y.T0002\F10Y.T0002.csproj", "{769A07A3-B180-4A98-BB24-FD1127F6D136}"
EndProject
Project("{9A19103F-16F7-4668-BE54-9A1E7A4F7556}") = "F10Y.T0003", "..\..\F10Y.T0003\source\F10Y.T0003\F10Y.T0003.csproj", "{93081BAC-4483-43B0-B476-9E42AE2C67D7}"
EndProject
Project("{9A19103F-16F7-4668-BE54-9A1E7A4F7556}") = "F10Y.T0004", "..\..\F10Y.T0004\source\F10Y.T0004\F10Y.T0004.csproj", "{D03AF7A7-653C-4B8E-AE18-139E18EA3B3C}"
EndProject
Project("{9A19103F-16F7-4668-BE54-9A1E7A4F7556}") = "F10Y.T0011", "..\..\F10Y.T0011\source\F10Y.T0011\F10Y.T0011.csproj", "{3C796E27-BBD9-4AC2-8E2D-B2E889FF9129}"
EndProject
Project("{9A19103F-16F7-4668-BE54-9A1E7A4F7556}") = "F10Y.Y0000", "..\..\F10Y.Y0000\source\F10Y.Y0000\F10Y.Y0000.csproj", "{4618FFEE-7844-4C2C-85A9-4BEF75232B41}"
EndProject
Project("{9A19103F-16F7-4668-BE54-9A1E7A4F7556}") = "F10Y.Z0000.Z001", "F10Y.Z0000.Z001\F10Y.Z0000.Z001.csproj", "{08DA89D3-F31B-4531-86D4-25913D9A3A32}"
EndProject
Project("{9A19103F-16F7-4668-BE54-9A1E7A4F7556}") = "F10Y.L0001.L001", "..\..\F10Y.L0001\source\F10Y.L0001.L001\F10Y.L0001.L001.csproj", "{0F3B58A9-4D6A-4DD7-B293-3C85C723D5FB}"
EndProject
Global
	GlobalSection(NestedProjects) = preSolution
		{2C6EB6FC-AB2B-425E-B9F1-2AB133379017} = {3997F9A8-1697-4124-A320-B29D56C91D38}
		{E072641A-9CF9-4E0A-959B-04DCD9686062} = {3997F9A8-1697-4124-A320-B29D56C91D38}
		{907D8091-9AB9-41C2-AC7F-5A6CDF444287} = {3997F9A8-1697-4124-A320-B29D56C91D38}
		{769A07A3-B180-4A98-BB24-FD1127F6D136} = {3997F9A8-1697-4124-A320-B29D56C91D38}
		{93081BAC-4483-43B0-B476-9E42AE2C67D7} = {3997F9A8-1697-4124-A320-B29D56C91D38}
		{D03AF7A7-653C-4B8E-AE18-139E18EA3B3C} = {3997F9A8-1697-4124-A320-B29D56C91D38}
		{3C796E27-BBD9-4AC2-8E2D-B2E889FF9129} = {3997F9A8-1697-4124-A320-B29D56C91D38}
		{4618FFEE-7844-4C2C-85A9-4BEF75232B41} = {3997F9A8-1697-4124-A320-B29D56C91D38}
		{0F3B58A9-4D6A-4DD7-B293-3C85C723D5FB} = {3997F9A8-1697-4124-A320-B29D56C91D38}
	EndGlobalSection
	GlobalSection(SolutionConfigurationPlatforms) = preSolution
		Debug|Any CPU = Debug|Any CPU
		Release|Any CPU = Release|Any CPU
	EndGlobalSection
	GlobalSection(ProjectConfigurationPlatforms) = postSolution
		{BFE9F6A6-B45E-4C9F-AE3E-5912B9D157E1}.Debug|Any CPU.ActiveCfg = Debug|Any CPU
		{BFE9F6A6-B45E-4C9F-AE3E-5912B9D157E1}.Debug|Any CPU.Build.0 = Debug|Any CPU
		{BFE9F6A6-B45E-4C9F-AE3E-5912B9D157E1}.Release|Any CPU.ActiveCfg = Release|Any CPU
		{BFE9F6A6-B45E-4C9F-AE3E-5912B9D157E1}.Release|Any CPU.Build.0 = Release|Any CPU
		{18730FFB-7F98-4A9B-98FF-5FB90C1EDA42}.Debug|Any CPU.ActiveCfg = Debug|Any CPU
		{18730FFB-7F98-4A9B-98FF-5FB90C1EDA42}.Debug|Any CPU.Build.0 = Debug|Any CPU
		{18730FFB-7F98-4A9B-98FF-5FB90C1EDA42}.Release|Any CPU.ActiveCfg = Release|Any CPU
		{18730FFB-7F98-4A9B-98FF-5FB90C1EDA42}.Release|Any CPU.Build.0 = Release|Any CPU
		{B9D7BBA5-AEC7-44F7-94A6-9AD4F33F6D25}.Debug|Any CPU.ActiveCfg = Debug|Any CPU
		{B9D7BBA5-AEC7-44F7-94A6-9AD4F33F6D25}.Debug|Any CPU.Build.0 = Debug|Any CPU
		{B9D7BBA5-AEC7-44F7-94A6-9AD4F33F6D25}.Release|Any CPU.ActiveCfg = Release|Any CPU
		{B9D7BBA5-AEC7-44F7-94A6-9AD4F33F6D25}.Release|Any CPU.Build.0 = Release|Any CPU
		{2C6EB6FC-AB2B-425E-B9F1-2AB133379017}.Debug|Any CPU.ActiveCfg = Debug|Any CPU
		{2C6EB6FC-AB2B-425E-B9F1-2AB133379017}.Debug|Any CPU.Build.0 = Debug|Any CPU
		{2C6EB6FC-AB2B-425E-B9F1-2AB133379017}.Release|Any CPU.ActiveCfg = Release|Any CPU
		{2C6EB6FC-AB2B-425E-B9F1-2AB133379017}.Release|Any CPU.Build.0 = Release|Any CPU
		{E072641A-9CF9-4E0A-959B-04DCD9686062}.Debug|Any CPU.ActiveCfg = Debug|Any CPU
		{E072641A-9CF9-4E0A-959B-04DCD9686062}.Debug|Any CPU.Build.0 = Debug|Any CPU
		{E072641A-9CF9-4E0A-959B-04DCD9686062}.Release|Any CPU.ActiveCfg = Release|Any CPU
		{E072641A-9CF9-4E0A-959B-04DCD9686062}.Release|Any CPU.Build.0 = Release|Any CPU
		{907D8091-9AB9-41C2-AC7F-5A6CDF444287}.Debug|Any CPU.ActiveCfg = Debug|Any CPU
		{907D8091-9AB9-41C2-AC7F-5A6CDF444287}.Debug|Any CPU.Build.0 = Debug|Any CPU
		{907D8091-9AB9-41C2-AC7F-5A6CDF444287}.Release|Any CPU.ActiveCfg = Release|Any CPU
		{907D8091-9AB9-41C2-AC7F-5A6CDF444287}.Release|Any CPU.Build.0 = Release|Any CPU
		{769A07A3-B180-4A98-BB24-FD1127F6D136}.Debug|Any CPU.ActiveCfg = Debug|Any CPU
		{769A07A3-B180-4A98-BB24-FD1127F6D136}.Debug|Any CPU.Build.0 = Debug|Any CPU
		{769A07A3-B180-4A98-BB24-FD1127F6D136}.Release|Any CPU.ActiveCfg = Release|Any CPU
		{769A07A3-B180-4A98-BB24-FD1127F6D136}.Release|Any CPU.Build.0 = Release|Any CPU
		{93081BAC-4483-43B0-B476-9E42AE2C67D7}.Debug|Any CPU.ActiveCfg = Debug|Any CPU
		{93081BAC-4483-43B0-B476-9E42AE2C67D7}.Debug|Any CPU.Build.0 = Debug|Any CPU
		{93081BAC-4483-43B0-B476-9E42AE2C67D7}.Release|Any CPU.ActiveCfg = Release|Any CPU
		{93081BAC-4483-43B0-B476-9E42AE2C67D7}.Release|Any CPU.Build.0 = Release|Any CPU
		{D03AF7A7-653C-4B8E-AE18-139E18EA3B3C}.Debug|Any CPU.ActiveCfg = Debug|Any CPU
		{D03AF7A7-653C-4B8E-AE18-139E18EA3B3C}.Debug|Any CPU.Build.0 = Debug|Any CPU
		{D03AF7A7-653C-4B8E-AE18-139E18EA3B3C}.Release|Any CPU.ActiveCfg = Release|Any CPU
		{D03AF7A7-653C-4B8E-AE18-139E18EA3B3C}.Release|Any CPU.Build.0 = Release|Any CPU
		{3C796E27-BBD9-4AC2-8E2D-B2E889FF9129}.Debug|Any CPU.ActiveCfg = Debug|Any CPU
		{3C796E27-BBD9-4AC2-8E2D-B2E889FF9129}.Debug|Any CPU.Build.0 = Debug|Any CPU
		{3C796E27-BBD9-4AC2-8E2D-B2E889FF9129}.Release|Any CPU.ActiveCfg = Release|Any CPU
		{3C796E27-BBD9-4AC2-8E2D-B2E889FF9129}.Release|Any CPU.Build.0 = Release|Any CPU
		{4618FFEE-7844-4C2C-85A9-4BEF75232B41}.Debug|Any CPU.ActiveCfg = Debug|Any CPU
		{4618FFEE-7844-4C2C-85A9-4BEF75232B41}.Debug|Any CPU.Build.0 = Debug|Any CPU
		{4618FFEE-7844-4C2C-85A9-4BEF75232B41}.Release|Any CPU.ActiveCfg = Release|Any CPU
		{4618FFEE-7844-4C2C-85A9-4BEF75232B41}.Release|Any CPU.Build.0 = Release|Any CPU
		{08DA89D3-F31B-4531-86D4-25913D9A3A32}.Debug|Any CPU.ActiveCfg = Debug|Any CPU
		{08DA89D3-F31B-4531-86D4-25913D9A3A32}.Debug|Any CPU.Build.0 = Debug|Any CPU
		{08DA89D3-F31B-4531-86D4-25913D9A3A32}.Release|Any CPU.ActiveCfg = Release|Any CPU
		{08DA89D3-F31B-4531-86D4-25913D9A3A32}.Release|Any CPU.Build.0 = Release|Any CPU
		{0F3B58A9-4D6A-4DD7-B293-3C85C723D5FB}.Debug|Any CPU.ActiveCfg = Debug|Any CPU
		{0F3B58A9-4D6A-4DD7-B293-3C85C723D5FB}.Debug|Any CPU.Build.0 = Debug|Any CPU
		{0F3B58A9-4D6A-4DD7-B293-3C85C723D5FB}.Release|Any CPU.ActiveCfg = Release|Any CPU
		{0F3B58A9-4D6A-4DD7-B293-3C85C723D5FB}.Release|Any CPU.Build.0 = Release|Any CPU
	EndGlobalSection
	GlobalSection(SolutionProperties) = preSolution
		HideSolutionNode = FALSE
	EndGlobalSection
	GlobalSection(ExtensibilityGlobals) = postSolution
		SolutionGuid = {15C43FE0-1752-4E21-A555-0C4EDD8563FC}
	EndGlobalSection
EndGlobal
